// !$*UTF8*$!
{
	archiveVersion = 1;
	classes = {
	};
	objectVersion = 46;
	objects = {

/* Begin PBXBuildFile section */
		729C87E61F43F53A009D17F0 /* NSString+MaoEmoji.m in Sources */ = {isa = PBXBuildFile; fileRef = 729C87E51F43F53A009D17F0 /* NSString+MaoEmoji.m */; };
		72BA68411F00FB380072F5B2 /* main.m in Sources */ = {isa = PBXBuildFile; fileRef = 72BA68401F00FB380072F5B2 /* main.m */; };
		72BA68441F00FB380072F5B2 /* AppDelegate.m in Sources */ = {isa = PBXBuildFile; fileRef = 72BA68431F00FB380072F5B2 /* AppDelegate.m */; };
		72BA68471F00FB380072F5B2 /* ViewController.m in Sources */ = {isa = PBXBuildFile; fileRef = 72BA68461F00FB380072F5B2 /* ViewController.m */; };
		72BA684A1F00FB380072F5B2 /* Main.storyboard in Resources */ = {isa = PBXBuildFile; fileRef = 72BA68481F00FB380072F5B2 /* Main.storyboard */; };
		72BA684C1F00FB380072F5B2 /* Assets.xcassets in Resources */ = {isa = PBXBuildFile; fileRef = 72BA684B1F00FB380072F5B2 /* Assets.xcassets */; };
		72BA684F1F00FB380072F5B2 /* LaunchScreen.storyboard in Resources */ = {isa = PBXBuildFile; fileRef = 72BA684D1F00FB380072F5B2 /* LaunchScreen.storyboard */; };
		72BA685A1F00FB380072F5B2 /* TestTextFieldTests.m in Sources */ = {isa = PBXBuildFile; fileRef = 72BA68591F00FB380072F5B2 /* TestTextFieldTests.m */; };
		72BA68651F00FB380072F5B2 /* TestTextFieldUITests.m in Sources */ = {isa = PBXBuildFile; fileRef = 72BA68641F00FB380072F5B2 /* TestTextFieldUITests.m */; };
		72BA68751F00FD240072F5B2 /* MSQTextField.m in Sources */ = {isa = PBXBuildFile; fileRef = 72BA68741F00FD240072F5B2 /* MSQTextField.m */; };
/* End PBXBuildFile section */

/* Begin PBXContainerItemProxy section */
		72BA68561F00FB380072F5B2 /* PBXContainerItemProxy */ = {
			isa = PBXContainerItemProxy;
			containerPortal = 72BA68341F00FB380072F5B2 /* Project object */;
			proxyType = 1;
			remoteGlobalIDString = 72BA683B1F00FB380072F5B2;
			remoteInfo = TestTextField;
		};
		72BA68611F00FB380072F5B2 /* PBXContainerItemProxy */ = {
			isa = PBXContainerItemProxy;
			containerPortal = 72BA68341F00FB380072F5B2 /* Project object */;
			proxyType = 1;
			remoteGlobalIDString = 72BA683B1F00FB380072F5B2;
			remoteInfo = TestTextField;
		};
/* End PBXContainerItemProxy section */

/* Begin PBXFileReference section */
		729C87E41F43F53A009D17F0 /* NSString+MaoEmoji.h */ = {isa = PBXFileReference; fileEncoding = 4; lastKnownFileType = sourcecode.c.h; path = "NSString+MaoEmoji.h"; sourceTree = "<group>"; };
		729C87E51F43F53A009D17F0 /* NSString+MaoEmoji.m */ = {isa = PBXFileReference; fileEncoding = 4; lastKnownFileType = sourcecode.c.objc; path = "NSString+MaoEmoji.m"; sourceTree = "<group>"; };
		72BA683C1F00FB380072F5B2 /* TestTextField.app */ = {isa = PBXFileReference; explicitFileType = wrapper.application; includeInIndex = 0; path = TestTextField.app; sourceTree = BUILT_PRODUCTS_DIR; };
		72BA68401F00FB380072F5B2 /* main.m */ = {isa = PBXFileReference; lastKnownFileType = sourcecode.c.objc; path = main.m; sourceTree = "<group>"; };
		72BA68421F00FB380072F5B2 /* AppDelegate.h */ = {isa = PBXFileReference; lastKnownFileType = sourcecode.c.h; path = AppDelegate.h; sourceTree = "<group>"; };
		72BA68431F00FB380072F5B2 /* AppDelegate.m */ = {isa = PBXFileReference; lastKnownFileType = sourcecode.c.objc; path = AppDelegate.m; sourceTree = "<group>"; };
		72BA68451F00FB380072F5B2 /* ViewController.h */ = {isa = PBXFileReference; lastKnownFileType = sourcecode.c.h; path = ViewController.h; sourceTree = "<group>"; };
		72BA68461F00FB380072F5B2 /* ViewController.m */ = {isa = PBXFileReference; lastKnownFileType = sourcecode.c.objc; path = ViewController.m; sourceTree = "<group>"; };
		72BA68491F00FB380072F5B2 /* Base */ = {isa = PBXFileReference; lastKnownFileType = file.storyboard; name = Base; path = Base.lproj/Main.storyboard; sourceTree = "<group>"; };
		72BA684B1F00FB380072F5B2 /* Assets.xcassets */ = {isa = PBXFileReference; lastKnownFileType = folder.assetcatalog; path = Assets.xcassets; sourceTree = "<group>"; };
		72BA684E1F00FB380072F5B2 /* Base */ = {isa = PBXFileReference; lastKnownFileType = file.storyboard; name = Base; path = Base.lproj/LaunchScreen.storyboard; sourceTree = "<group>"; };
		72BA68501F00FB380072F5B2 /* Info.plist */ = {isa = PBXFileReference; lastKnownFileType = text.plist.xml; path = Info.plist; sourceTree = "<group>"; };
		72BA68551F00FB380072F5B2 /* TestTextFieldTests.xctest */ = {isa = PBXFileReference; explicitFileType = wrapper.cfbundle; includeInIndex = 0; path = TestTextFieldTests.xctest; sourceTree = BUILT_PRODUCTS_DIR; };
		72BA68591F00FB380072F5B2 /* TestTextFieldTests.m */ = {isa = PBXFileReference; lastKnownFileType = sourcecode.c.objc; path = TestTextFieldTests.m; sourceTree = "<group>"; };
		72BA685B1F00FB380072F5B2 /* Info.plist */ = {isa = PBXFileReference; lastKnownFileType = text.plist.xml; path = Info.plist; sourceTree = "<group>"; };
		72BA68601F00FB380072F5B2 /* TestTextFieldUITests.xctest */ = {isa = PBXFileReference; explicitFileType = wrapper.cfbundle; includeInIndex = 0; path = TestTextFieldUITests.xctest; sourceTree = BUILT_PRODUCTS_DIR; };
		72BA68641F00FB380072F5B2 /* TestTextFieldUITests.m */ = {isa = PBXFileReference; lastKnownFileType = sourcecode.c.objc; path = TestTextFieldUITests.m; sourceTree = "<group>"; };
		72BA68661F00FB380072F5B2 /* Info.plist */ = {isa = PBXFileReference; lastKnownFileType = text.plist.xml; path = Info.plist; sourceTree = "<group>"; };
		72BA68731F00FD240072F5B2 /* MSQTextField.h */ = {isa = PBXFileReference; fileEncoding = 4; lastKnownFileType = sourcecode.c.h; path = MSQTextField.h; sourceTree = "<group>"; };
		72BA68741F00FD240072F5B2 /* MSQTextField.m */ = {isa = PBXFileReference; fileEncoding = 4; lastKnownFileType = sourcecode.c.objc; path = MSQTextField.m; sourceTree = "<group>"; };
/* End PBXFileReference section */

/* Begin PBXFrameworksBuildPhase section */
		72BA68391F00FB380072F5B2 /* Frameworks */ = {
			isa = PBXFrameworksBuildPhase;
			buildActionMask = 2147483647;
			files = (
			);
			runOnlyForDeploymentPostprocessing = 0;
		};
		72BA68521F00FB380072F5B2 /* Frameworks */ = {
			isa = PBXFrameworksBuildPhase;
			buildActionMask = 2147483647;
			files = (
			);
			runOnlyForDeploymentPostprocessing = 0;
		};
		72BA685D1F00FB380072F5B2 /* Frameworks */ = {
			isa = PBXFrameworksBuildPhase;
			buildActionMask = 2147483647;
			files = (
			);
			runOnlyForDeploymentPostprocessing = 0;
		};
/* End PBXFrameworksBuildPhase section */

/* Begin PBXGroup section */
		72BA68331F00FB380072F5B2 = {
			isa = PBXGroup;
			children = (
				72BA683E1F00FB380072F5B2 /* TestTextField */,
				72BA68581F00FB380072F5B2 /* TestTextFieldTests */,
				72BA68631F00FB380072F5B2 /* TestTextFieldUITests */,
				72BA683D1F00FB380072F5B2 /* Products */,
			);
			sourceTree = "<group>";
		};
		72BA683D1F00FB380072F5B2 /* Products */ = {
			isa = PBXGroup;
			children = (
				72BA683C1F00FB380072F5B2 /* TestTextField.app */,
				72BA68551F00FB380072F5B2 /* TestTextFieldTests.xctest */,
				72BA68601F00FB380072F5B2 /* TestTextFieldUITests.xctest */,
			);
			name = Products;
			sourceTree = "<group>";
		};
		72BA683E1F00FB380072F5B2 /* TestTextField */ = {
			isa = PBXGroup;
			children = (
				72BA68421F00FB380072F5B2 /* AppDelegate.h */,
				72BA68431F00FB380072F5B2 /* AppDelegate.m */,
				72BA68451F00FB380072F5B2 /* ViewController.h */,
				72BA68461F00FB380072F5B2 /* ViewController.m */,
				72BA68721F00FD0E0072F5B2 /* TextField类 */,
				72BA68481F00FB380072F5B2 /* Main.storyboard */,
				72BA684B1F00FB380072F5B2 /* Assets.xcassets */,
				72BA684D1F00FB380072F5B2 /* LaunchScreen.storyboard */,
				72BA68501F00FB380072F5B2 /* Info.plist */,
				72BA683F1F00FB380072F5B2 /* Supporting Files */,
			);
			path = TestTextField;
			sourceTree = "<group>";
		};
		72BA683F1F00FB380072F5B2 /* Supporting Files */ = {
			isa = PBXGroup;
			children = (
				72BA68401F00FB380072F5B2 /* main.m */,
			);
			name = "Supporting Files";
			sourceTree = "<group>";
		};
		72BA68581F00FB380072F5B2 /* TestTextFieldTests */ = {
			isa = PBXGroup;
			children = (
				72BA68591F00FB380072F5B2 /* TestTextFieldTests.m */,
				72BA685B1F00FB380072F5B2 /* Info.plist */,
			);
			path = TestTextFieldTests;
			sourceTree = "<group>";
		};
		72BA68631F00FB380072F5B2 /* TestTextFieldUITests */ = {
			isa = PBXGroup;
			children = (
				72BA68641F00FB380072F5B2 /* TestTextFieldUITests.m */,
				72BA68661F00FB380072F5B2 /* Info.plist */,
			);
			path = TestTextFieldUITests;
			sourceTree = "<group>";
		};
		72BA68721F00FD0E0072F5B2 /* TextField类 */ = {
			isa = PBXGroup;
			children = (
				729C87E41F43F53A009D17F0 /* NSString+MaoEmoji.h */,
				729C87E51F43F53A009D17F0 /* NSString+MaoEmoji.m */,
				72BA68731F00FD240072F5B2 /* MSQTextField.h */,
				72BA68741F00FD240072F5B2 /* MSQTextField.m */,
			);
			path = "TextField类";
			sourceTree = "<group>";
		};
/* End PBXGroup section */

/* Begin PBXNativeTarget section */
		72BA683B1F00FB380072F5B2 /* TestTextField */ = {
			isa = PBXNativeTarget;
			buildConfigurationList = 72BA68691F00FB380072F5B2 /* Build configuration list for PBXNativeTarget "TestTextField" */;
			buildPhases = (
				72BA68381F00FB380072F5B2 /* Sources */,
				72BA68391F00FB380072F5B2 /* Frameworks */,
				72BA683A1F00FB380072F5B2 /* Resources */,
			);
			buildRules = (
			);
			dependencies = (
			);
			name = TestTextField;
			productName = TestTextField;
			productReference = 72BA683C1F00FB380072F5B2 /* TestTextField.app */;
			productType = "com.apple.product-type.application";
		};
		72BA68541F00FB380072F5B2 /* TestTextFieldTests */ = {
			isa = PBXNativeTarget;
			buildConfigurationList = 72BA686C1F00FB380072F5B2 /* Build configuration list for PBXNativeTarget "TestTextFieldTests" */;
			buildPhases = (
				72BA68511F00FB380072F5B2 /* Sources */,
				72BA68521F00FB380072F5B2 /* Frameworks */,
				72BA68531F00FB380072F5B2 /* Resources */,
			);
			buildRules = (
			);
			dependencies = (
				72BA68571F00FB380072F5B2 /* PBXTargetDependency */,
			);
			name = TestTextFieldTests;
			productName = TestTextFieldTests;
			productReference = 72BA68551F00FB380072F5B2 /* TestTextFieldTests.xctest */;
			productType = "com.apple.product-type.bundle.unit-test";
		};
		72BA685F1F00FB380072F5B2 /* TestTextFieldUITests */ = {
			isa = PBXNativeTarget;
			buildConfigurationList = 72BA686F1F00FB380072F5B2 /* Build configuration list for PBXNativeTarget "TestTextFieldUITests" */;
			buildPhases = (
				72BA685C1F00FB380072F5B2 /* Sources */,
				72BA685D1F00FB380072F5B2 /* Frameworks */,
				72BA685E1F00FB380072F5B2 /* Resources */,
			);
			buildRules = (
			);
			dependencies = (
				72BA68621F00FB380072F5B2 /* PBXTargetDependency */,
			);
			name = TestTextFieldUITests;
			productName = TestTextFieldUITests;
			productReference = 72BA68601F00FB380072F5B2 /* TestTextFieldUITests.xctest */;
			productType = "com.apple.product-type.bundle.ui-testing";
		};
/* End PBXNativeTarget section */

/* Begin PBXProject section */
		72BA68341F00FB380072F5B2 /* Project object */ = {
			isa = PBXProject;
			attributes = {
				LastUpgradeCheck = 0830;
				ORGANIZATIONNAME = "毛韶谦";
				TargetAttributes = {
					72BA683B1F00FB380072F5B2 = {
						CreatedOnToolsVersion = 8.3.3;
						DevelopmentTeam = H8XYQ5SRK2;
						ProvisioningStyle = Automatic;
					};
					72BA68541F00FB380072F5B2 = {
						CreatedOnToolsVersion = 8.3.3;
						ProvisioningStyle = Automatic;
						TestTargetID = 72BA683B1F00FB380072F5B2;
					};
					72BA685F1F00FB380072F5B2 = {
						CreatedOnToolsVersion = 8.3.3;
						ProvisioningStyle = Automatic;
						TestTargetID = 72BA683B1F00FB380072F5B2;
					};
				};
			};
			buildConfigurationList = 72BA68371F00FB380072F5B2 /* Build configuration list for PBXProject "TestTextField" */;
			compatibilityVersion = "Xcode 3.2";
			developmentRegion = English;
			hasScannedForEncodings = 0;
			knownRegions = (
				en,
				Base,
			);
			mainGroup = 72BA68331F00FB380072F5B2;
			productRefGroup = 72BA683D1F00FB380072F5B2 /* Products */;
			projectDirPath = "";
			projectRoot = "";
			targets = (
				72BA683B1F00FB380072F5B2 /* TestTextField */,
				72BA68541F00FB380072F5B2 /* TestTextFieldTests */,
				72BA685F1F00FB380072F5B2 /* TestTextFieldUITests */,
			);
		};
/* End PBXProject section */

/* Begin PBXResourcesBuildPhase section */
		72BA683A1F00FB380072F5B2 /* Resources */ = {
			isa = PBXResourcesBuildPhase;
			buildActionMask = 2147483647;
			files = (
				72BA684F1F00FB380072F5B2 /* LaunchScreen.storyboard in Resources */,
				72BA684C1F00FB380072F5B2 /* Assets.xcassets in Resources */,
				72BA684A1F00FB380072F5B2 /* Main.storyboard in Resources */,
			);
			runOnlyForDeploymentPostprocessing = 0;
		};
		72BA68531F00FB380072F5B2 /* Resources */ = {
			isa = PBXResourcesBuildPhase;
			buildActionMask = 2147483647;
			files = (
			);
			runOnlyForDeploymentPostprocessing = 0;
		};
		72BA685E1F00FB380072F5B2 /* Resources */ = {
			isa = PBXResourcesBuildPhase;
			buildActionMask = 2147483647;
			files = (
			);
			runOnlyForDeploymentPostprocessing = 0;
		};
/* End PBXResourcesBuildPhase section */

/* Begin PBXSourcesBuildPhase section */
		72BA68381F00FB380072F5B2 /* Sources */ = {
			isa = PBXSourcesBuildPhase;
			buildActionMask = 2147483647;
			files = (
				72BA68471F00FB380072F5B2 /* ViewController.m in Sources */,
				72BA68441F00FB380072F5B2 /* AppDelegate.m in Sources */,
				729C87E61F43F53A009D17F0 /* NSString+MaoEmoji.m in Sources */,
				72BA68411F00FB380072F5B2 /* main.m in Sources */,
				72BA68751F00FD240072F5B2 /* MSQTextField.m in Sources */,
			);
			runOnlyForDeploymentPostprocessing = 0;
		};
		72BA68511F00FB380072F5B2 /* Sources */ = {
			isa = PBXSourcesBuildPhase;
			buildActionMask = 2147483647;
			files = (
				72BA685A1F00FB380072F5B2 /* TestTextFieldTests.m in Sources */,
			);
			runOnlyForDeploymentPostprocessing = 0;
		};
		72BA685C1F00FB380072F5B2 /* Sources */ = {
			isa = PBXSourcesBuildPhase;
			buildActionMask = 2147483647;
			files = (
				72BA68651F00FB380072F5B2 /* TestTextFieldUITests.m in Sources */,
			);
			runOnlyForDeploymentPostprocessing = 0;
		};
/* End PBXSourcesBuildPhase section */

/* Begin PBXTargetDependency section */
		72BA68571F00FB380072F5B2 /* PBXTargetDependency */ = {
			isa = PBXTargetDependency;
			target = 72BA683B1F00FB380072F5B2 /* TestTextField */;
			targetProxy = 72BA68561F00FB380072F5B2 /* PBXContainerItemProxy */;
		};
		72BA68621F00FB380072F5B2 /* PBXTargetDependency */ = {
			isa = PBXTargetDependency;
			target = 72BA683B1F00FB380072F5B2 /* TestTextField */;
			targetProxy = 72BA68611F00FB380072F5B2 /* PBXContainerItemProxy */;
		};
/* End PBXTargetDependency section */

/* Begin PBXVariantGroup section */
		72BA68481F00FB380072F5B2 /* Main.storyboard */ = {
			isa = PBXVariantGroup;
			children = (
				72BA68491F00FB380072F5B2 /* Base */,
			);
			name = Main.storyboard;
			sourceTree = "<group>";
		};
		72BA684D1F00FB380072F5B2 /* LaunchScreen.storyboard */ = {
			isa = PBXVariantGroup;
			children = (
				72BA684E1F00FB380072F5B2 /* Base */,
			);
			name = LaunchScreen.storyboard;
			sourceTree = "<group>";
		};
/* End PBXVariantGroup section */

/* Begin XCBuildConfiguration section */
		72BA68671F00FB380072F5B2 /* Debug */ = {
			isa = XCBuildConfiguration;
			buildSettings = {
				ALWAYS_SEARCH_USER_PATHS = NO;
				CLANG_ANALYZER_NONNULL = YES;
				CLANG_ANALYZER_NUMBER_OBJECT_CONVERSION = YES_AGGRESSIVE;
				CLANG_CXX_LANGUAGE_STANDARD = "gnu++0x";
				CLANG_CXX_LIBRARY = "libc++";
				CLANG_ENABLE_MODULES = YES;
				CLANG_ENABLE_OBJC_ARC = YES;
				CLANG_WARN_BOOL_CONVERSION = YES;
				CLANG_WARN_CONSTANT_CONVERSION = YES;
				CLANG_WARN_DIRECT_OBJC_ISA_USAGE = YES_ERROR;
				CLANG_WARN_DOCUMENTATION_COMMENTS = YES;
				CLANG_WARN_EMPTY_BODY = YES;
				CLANG_WARN_ENUM_CONVERSION = YES;
				CLANG_WARN_INFINITE_RECURSION = YES;
				CLANG_WARN_INT_CONVERSION = YES;
				CLANG_WARN_OBJC_ROOT_CLASS = YES_ERROR;
				CLANG_WARN_SUSPICIOUS_MOVE = YES;
				CLANG_WARN_UNREACHABLE_CODE = YES;
				CLANG_WARN__DUPLICATE_METHOD_MATCH = YES;
				"CODE_SIGN_IDENTITY[sdk=iphoneos*]" = "iPhone Developer";
				COPY_PHASE_STRIP = NO;
				DEBUG_INFORMATION_FORMAT = dwarf;
				ENABLE_STRICT_OBJC_MSGSEND = YES;
				ENABLE_TESTABILITY = YES;
				GCC_C_LANGUAGE_STANDARD = gnu99;
				GCC_DYNAMIC_NO_PIC = NO;
				GCC_NO_COMMON_BLOCKS = YES;
				GCC_OPTIMIZATION_LEVEL = 0;
				GCC_PREPROCESSOR_DEFINITIONS = (
					"DEBUG=1",
					"$(inherited)",
				);
				GCC_WARN_64_TO_32_BIT_CONVERSION = YES;
				GCC_WARN_ABOUT_RETURN_TYPE = YES_ERROR;
				GCC_WARN_UNDECLARED_SELECTOR = YES;
				GCC_WARN_UNINITIALIZED_AUTOS = YES_AGGRESSIVE;
				GCC_WARN_UNUSED_FUNCTION = YES;
				GCC_WARN_UNUSED_VARIABLE = YES;
				IPHONEOS_DEPLOYMENT_TARGET = 10.3;
				MTL_ENABLE_DEBUG_INFO = YES;
				ONLY_ACTIVE_ARCH = YES;
				SDKROOT = iphoneos;
				TARGETED_DEVICE_FAMILY = "1,2";
			};
			name = Debug;
		};
		72BA68681F00FB380072F5B2 /* Release */ = {
			isa = XCBuildConfiguration;
			buildSettings = {
				ALWAYS_SEARCH_USER_PATHS = NO;
				CLANG_ANALYZER_NONNULL = YES;
				CLANG_ANALYZER_NUMBER_OBJECT_CONVERSION = YES_AGGRESSIVE;
				CLANG_CXX_LANGUAGE_STANDARD = "gnu++0x";
				CLANG_CXX_LIBRARY = "libc++";
				CLANG_ENABLE_MODULES = YES;
				CLANG_ENABLE_OBJC_ARC = YES;
				CLANG_WARN_BOOL_CONVERSION = YES;
				CLANG_WARN_CONSTANT_CONVERSION = YES;
				CLANG_WARN_DIRECT_OBJC_ISA_USAGE = YES_ERROR;
				CLANG_WARN_DOCUMENTATION_COMMENTS = YES;
				CLANG_WARN_EMPTY_BODY = YES;
				CLANG_WARN_ENUM_CONVERSION = YES;
				CLANG_WARN_INFINITE_RECURSION = YES;
				CLANG_WARN_INT_CONVERSION = YES;
				CLANG_WARN_OBJC_ROOT_CLASS = YES_ERROR;
				CLANG_WARN_SUSPICIOUS_MOVE = YES;
				CLANG_WARN_UNREACHABLE_CODE = YES;
				CLANG_WARN__DUPLICATE_METHOD_MATCH = YES;
				"CODE_SIGN_IDENTITY[sdk=iphoneos*]" = "iPhone Developer";
				COPY_PHASE_STRIP = NO;
				DEBUG_INFORMATION_FORMAT = "dwarf-with-dsym";
				ENABLE_NS_ASSERTIONS = NO;
				ENABLE_STRICT_OBJC_MSGSEND = YES;
				GCC_C_LANGUAGE_STANDARD = gnu99;
				GCC_NO_COMMON_BLOCKS = YES;
				GCC_WARN_64_TO_32_BIT_CONVERSION = YES;
				GCC_WARN_ABOUT_RETURN_TYPE = YES_ERROR;
				GCC_WARN_UNDECLARED_SELECTOR = YES;
				GCC_WARN_UNINITIALIZED_AUTOS = YES_AGGRESSIVE;
				GCC_WARN_UNUSED_FUNCTION = YES;
				GCC_WARN_UNUSED_VARIABLE = YES;
				IPHONEOS_DEPLOYMENT_TARGET = 10.3;
				MTL_ENABLE_DEBUG_INFO = NO;
				SDKROOT = iphoneos;
				TARGETED_DEVICE_FAMILY = "1,2";
				VALIDATE_PRODUCT = YES;
			};
			name = Release;
		};
		72BA686A1F00FB380072F5B2 /* Debug */ = {
			isa = XCBuildConfiguration;
			buildSettings = {
				ASSETCATALOG_COMPILER_APPICON_NAME = AppIcon;
				DEVELOPMENT_TEAM = H8XYQ5SRK2;
				INFOPLIST_FILE = TestTextField/Info.plist;
				IPHONEOS_DEPLOYMENT_TARGET = 8.0;
				LD_RUNPATH_SEARCH_PATHS = "$(inherited) @executable_path/Frameworks";
				PRODUCT_BUNDLE_IDENTIFIER = com.maoshaoqian.TestTextField;
				PRODUCT_NAME = "$(TARGET_NAME)";
			};
			name = Debug;
		};
		72BA686B1F00FB380072F5B2 /* Release */ = {
			isa = XCBuildConfiguration;
			buildSettings = {
				ASSETCATALOG_COMPILER_APPICON_NAME = AppIcon;
				DEVELOPMENT_TEAM = H8XYQ5SRK2;
				INFOPLIST_FILE = TestTextField/Info.plist;
				IPHONEOS_DEPLOYMENT_TARGET = 8.0;
				LD_RUNPATH_SEARCH_PATHS = "$(inherited) @executable_path/Frameworks";
				PRODUCT_BUNDLE_IDENTIFIER = com.maoshaoqian.TestTextField;
				PRODUCT_NAME = "$(TARGET_NAME)";
			};
			name = Release;
		};
		72BA686D1F00FB380072F5B2 /* Debug */ = {
			isa = XCBuildConfiguration;
			buildSettings = {
				BUNDLE_LOADER = "$(TEST_HOST)";
				INFOPLIST_FILE = TestTextFieldTests/Info.plist;
				LD_RUNPATH_SEARCH_PATHS = "$(inherited) @executable_path/Frameworks @loader_path/Frameworks";
				PRODUCT_BUNDLE_IDENTIFIER = com.maoshaoqian.TestTextField.TestTextFieldTests;
				PRODUCT_NAME = "$(TARGET_NAME)";
				TEST_HOST = "$(BUILT_PRODUCTS_DIR)/TestTextField.app/TestTextField";
			};
			name = Debug;
		};
		72BA686E1F00FB380072F5B2 /* Release */ = {
			isa = XCBuildConfiguration;
			buildSettings = {
				BUNDLE_LOADER = "$(TEST_HOST)";
				INFOPLIST_FILE = TestTextFieldTests/Info.plist;
				LD_RUNPATH_SEARCH_PATHS = "$(inherited) @executable_path/Frameworks @loader_path/Frameworks";
				PRODUCT_BUNDLE_IDENTIFIER = com.maoshaoqian.TestTextField.TestTextFieldTests;
				PRODUCT_NAME = "$(TARGET_NAME)";
				TEST_HOST = "$(BUILT_PRODUCTS_DIR)/TestTextField.app/TestTextField";
			};
			name = Release;
		};
		72BA68701F00FB380072F5B2 /* Debug */ = {
			isa = XCBuildConfiguration;
			buildSettings = {
				INFOPLIST_FILE = TestTextFieldUITests/Info.plist;
				LD_RUNPATH_SEARCH_PATHS = "$(inherited) @executable_path/Frameworks @loader_path/Frameworks";
				PRODUCT_BUNDLE_IDENTIFIER = com.maoshaoqian.TestTextField.TestTextFieldUITests;
				PRODUCT_NAME = "$(TARGET_NAME)";
				TEST_TARGET_NAME = TestTextField;
			};
			name = Debug;
		};
		72BA68711F00FB380072F5B2 /* Release */ = {
			isa = XCBuildConfiguration;
			buildSettings = {
				INFOPLIST_FILE = TestTextFieldUITests/Info.plist;
				LD_RUNPATH_SEARCH_PATHS = "$(inherited) @executable_path/Frameworks @loader_path/Frameworks";
				PRODUCT_BUNDLE_IDENTIFIER = com.maoshaoqian.TestTextField.TestTextFieldUITests;
				PRODUCT_NAME = "$(TARGET_NAME)";
				TEST_TARGET_NAME = TestTextField;
			};
			name = Release;
		};
/* End XCBuildConfiguration section */

/* Begin XCConfigurationList section */
		72BA68371F00FB380072F5B2 /* Build configuration list for PBXProject "TestTextField" */ = {
			isa = XCConfigurationList;
			buildConfigurations = (
				72BA68671F00FB380072F5B2 /* Debug */,
				72BA68681F00FB380072F5B2 /* Release */,
			);
			defaultConfigurationIsVisible = 0;
			defaultConfigurationName = Release;
		};
		72BA68691F00FB380072F5B2 /* Build configuration list for PBXNativeTarget "TestTextField" */ = {
			isa = XCConfigurationList;
			buildConfigurations = (
				72BA686A1F00FB380072F5B2 /* Debug */,
				72BA686B1F00FB380072F5B2 /* Release */,
			);
			defaultConfigurationIsVisible = 0;
			defaultConfigurationName = Release;
		};
		72BA686C1F00FB380072F5B2 /* Build configuration list for PBXNativeTarget "TestTextFieldTests" */ = {
			isa = XCConfigurationList;
			buildConfigurations = (
				72BA686D1F00FB380072F5B2 /* Debug */,
				72BA686E1F00FB380072F5B2 /* Release */,
			);
			defaultConfigurationIsVisible = 0;
			defaultConfigurationName = Release;
		};
		72BA686F1F00FB380072F5B2 /* Build configuration list for PBXNativeTarget "TestTextFieldUITests" */ = {
			isa = XCConfigurationList;
			buildConfigurations = (
				72BA68701F00FB380072F5B2 /* Debug */,
				72BA68711F00FB380072F5B2 /* Release */,
			);
			defaultConfigurationIsVisible = 0;
			defaultConfigurationName = Release;
		};
/* End XCConfigurationList section */
	};
	rootObject = 72BA68341F00FB380072F5B2 /* Project object */;
}
